// !$*UTF8*$!
{
	archiveVersion = 1;
	classes = {
	};
	objectVersion = 50;
	objects = {

/* Begin PBXBuildFile section */
		14C01C32244649BB008D076C /* AppDelegate.swift in Sources */ = {isa = PBXBuildFile; fileRef = 14C01C31244649BB008D076C /* AppDelegate.swift */; };
		14C01C34244649BB008D076C /* SceneDelegate.swift in Sources */ = {isa = PBXBuildFile; fileRef = 14C01C33244649BB008D076C /* SceneDelegate.swift */; };
		14C01C36244649BB008D076C /* ContentView.swift in Sources */ = {isa = PBXBuildFile; fileRef = 14C01C35244649BB008D076C /* ContentView.swift */; };
		14C01C38244649BE008D076C /* Assets.xcassets in Resources */ = {isa = PBXBuildFile; fileRef = 14C01C37244649BE008D076C /* Assets.xcassets */; };
		14C01C3B244649BE008D076C /* Preview Assets.xcassets in Resources */ = {isa = PBXBuildFile; fileRef = 14C01C3A244649BE008D076C /* Preview Assets.xcassets */; };
		14C01C3E244649BE008D076C /* LaunchScreen.storyboard in Resources */ = {isa = PBXBuildFile; fileRef = 14C01C3C244649BE008D076C /* LaunchScreen.storyboard */; };
		14C01C49244649BE008D076C /* LandmarksTests.swift in Sources */ = {isa = PBXBuildFile; fileRef = 14C01C48244649BE008D076C /* LandmarksTests.swift */; };
		14C01C54244649BE008D076C /* LandmarksUITests.swift in Sources */ = {isa = PBXBuildFile; fileRef = 14C01C53244649BE008D076C /* LandmarksUITests.swift */; };
		14C01C6224464F11008D076C /* CircleImage.swift in Sources */ = {isa = PBXBuildFile; fileRef = 14C01C6124464F11008D076C /* CircleImage.swift */; };
		14C01C6424465101008D076C /* MapView.swift in Sources */ = {isa = PBXBuildFile; fileRef = 14C01C6324465101008D076C /* MapView.swift */; };
/* End PBXBuildFile section */

/* Begin PBXContainerItemProxy section */
		14C01C45244649BE008D076C /* PBXContainerItemProxy */ = {
			isa = PBXContainerItemProxy;
			containerPortal = 14C01C26244649BB008D076C /* Project object */;
			proxyType = 1;
			remoteGlobalIDString = 14C01C2D244649BB008D076C;
			remoteInfo = Landmarks;
		};
		14C01C50244649BE008D076C /* PBXContainerItemProxy */ = {
			isa = PBXContainerItemProxy;
			containerPortal = 14C01C26244649BB008D076C /* Project object */;
			proxyType = 1;
			remoteGlobalIDString = 14C01C2D244649BB008D076C;
			remoteInfo = Landmarks;
		};
/* End PBXContainerItemProxy section */

/* Begin PBXFileReference section */
		14C01C2E244649BB008D076C /* Landmarks.app */ = {isa = PBXFileReference; explicitFileType = wrapper.application; includeInIndex = 0; path = Landmarks.app; sourceTree = BUILT_PRODUCTS_DIR; };
		14C01C31244649BB008D076C /* AppDelegate.swift */ = {isa = PBXFileReference; lastKnownFileType = sourcecode.swift; path = AppDelegate.swift; sourceTree = "<group>"; };
		14C01C33244649BB008D076C /* SceneDelegate.swift */ = {isa = PBXFileReference; lastKnownFileType = sourcecode.swift; path = SceneDelegate.swift; sourceTree = "<group>"; };
		14C01C35244649BB008D076C /* ContentView.swift */ = {isa = PBXFileReference; lastKnownFileType = sourcecode.swift; path = ContentView.swift; sourceTree = "<group>"; };
		14C01C37244649BE008D076C /* Assets.xcassets */ = {isa = PBXFileReference; lastKnownFileType = folder.assetcatalog; path = Assets.xcassets; sourceTree = "<group>"; };
		14C01C3A244649BE008D076C /* Preview Assets.xcassets */ = {isa = PBXFileReference; lastKnownFileType = folder.assetcatalog; path = "Preview Assets.xcassets"; sourceTree = "<group>"; };
		14C01C3D244649BE008D076C /* Base */ = {isa = PBXFileReference; lastKnownFileType = file.storyboard; name = Base; path = Base.lproj/LaunchScreen.storyboard; sourceTree = "<group>"; };
		14C01C3F244649BE008D076C /* Info.plist */ = {isa = PBXFileReference; lastKnownFileType = text.plist.xml; path = Info.plist; sourceTree = "<group>"; };
		14C01C44244649BE008D076C /* LandmarksTests.xctest */ = {isa = PBXFileReference; explicitFileType = wrapper.cfbundle; includeInIndex = 0; path = LandmarksTests.xctest; sourceTree = BUILT_PRODUCTS_DIR; };
		14C01C48244649BE008D076C /* LandmarksTests.swift */ = {isa = PBXFileReference; lastKnownFileType = sourcecode.swift; path = LandmarksTests.swift; sourceTree = "<group>"; };
		14C01C4A244649BE008D076C /* Info.plist */ = {isa = PBXFileReference; lastKnownFileType = text.plist.xml; path = Info.plist; sourceTree = "<group>"; };
		14C01C4F244649BE008D076C /* LandmarksUITests.xctest */ = {isa = PBXFileReference; explicitFileType = wrapper.cfbundle; includeInIndex = 0; path = LandmarksUITests.xctest; sourceTree = BUILT_PRODUCTS_DIR; };
		14C01C53244649BE008D076C /* LandmarksUITests.swift */ = {isa = PBXFileReference; lastKnownFileType = sourcecode.swift; path = LandmarksUITests.swift; sourceTree = "<group>"; };
		14C01C55244649BE008D076C /* Info.plist */ = {isa = PBXFileReference; lastKnownFileType = text.plist.xml; path = Info.plist; sourceTree = "<group>"; };
		14C01C6124464F11008D076C /* CircleImage.swift */ = {isa = PBXFileReference; lastKnownFileType = sourcecode.swift; path = CircleImage.swift; sourceTree = "<group>"; };
		14C01C6324465101008D076C /* MapView.swift */ = {isa = PBXFileReference; lastKnownFileType = sourcecode.swift; path = MapView.swift; sourceTree = "<group>"; };
/* End PBXFileReference section */

/* Begin PBXFrameworksBuildPhase section */
		14C01C2B244649BB008D076C /* Frameworks */ = {
			isa = PBXFrameworksBuildPhase;
			buildActionMask = 2147483647;
			files = (
			);
			runOnlyForDeploymentPostprocessing = 0;
		};
		14C01C41244649BE008D076C /* Frameworks */ = {
			isa = PBXFrameworksBuildPhase;
			buildActionMask = 2147483647;
			files = (
			);
			runOnlyForDeploymentPostprocessing = 0;
		};
		14C01C4C244649BE008D076C /* Frameworks */ = {
			isa = PBXFrameworksBuildPhase;
			buildActionMask = 2147483647;
			files = (
			);
			runOnlyForDeploymentPostprocessing = 0;
		};
/* End PBXFrameworksBuildPhase section */

/* Begin PBXGroup section */
		14C01C25244649BB008D076C = {
			isa = PBXGroup;
			children = (
				14C01C30244649BB008D076C /* Landmarks */,
				14C01C47244649BE008D076C /* LandmarksTests */,
				14C01C52244649BE008D076C /* LandmarksUITests */,
				14C01C2F244649BB008D076C /* Products */,
			);
			sourceTree = "<group>";
		};
		14C01C2F244649BB008D076C /* Products */ = {
			isa = PBXGroup;
			children = (
				14C01C2E244649BB008D076C /* Landmarks.app */,
				14C01C44244649BE008D076C /* LandmarksTests.xctest */,
				14C01C4F244649BE008D076C /* LandmarksUITests.xctest */,
			);
			name = Products;
			sourceTree = "<group>";
		};
		14C01C30244649BB008D076C /* Landmarks */ = {
			isa = PBXGroup;
			children = (
				14C01C31244649BB008D076C /* AppDelegate.swift */,
				14C01C33244649BB008D076C /* SceneDelegate.swift */,
				14C01C35244649BB008D076C /* ContentView.swift */,
				14C01C37244649BE008D076C /* Assets.xcassets */,
				14C01C6124464F11008D076C /* CircleImage.swift */,
				14C01C6324465101008D076C /* MapView.swift */,
				14C01C3C244649BE008D076C /* LaunchScreen.storyboard */,
				14C01C3F244649BE008D076C /* Info.plist */,
				14C01C39244649BE008D076C /* Preview Content */,
			);
			path = Landmarks;
			sourceTree = "<group>";
		};
		14C01C39244649BE008D076C /* Preview Content */ = {
			isa = PBXGroup;
			children = (
				14C01C3A244649BE008D076C /* Preview Assets.xcassets */,
			);
			path = "Preview Content";
			sourceTree = "<group>";
		};
		14C01C47244649BE008D076C /* LandmarksTests */ = {
			isa = PBXGroup;
			children = (
				14C01C48244649BE008D076C /* LandmarksTests.swift */,
				14C01C4A244649BE008D076C /* Info.plist */,
			);
			path = LandmarksTests;
			sourceTree = "<group>";
		};
		14C01C52244649BE008D076C /* LandmarksUITests */ = {
			isa = PBXGroup;
			children = (
				14C01C53244649BE008D076C /* LandmarksUITests.swift */,
				14C01C55244649BE008D076C /* Info.plist */,
			);
			path = LandmarksUITests;
			sourceTree = "<group>";
		};
/* End PBXGroup section */

/* Begin PBXNativeTarget section */
		14C01C2D244649BB008D076C /* Landmarks */ = {
			isa = PBXNativeTarget;
			buildConfigurationList = 14C01C58244649BE008D076C /* Build configuration list for PBXNativeTarget "Landmarks" */;
			buildPhases = (
				14C01C2A244649BB008D076C /* Sources */,
				14C01C2B244649BB008D076C /* Frameworks */,
				14C01C2C244649BB008D076C /* Resources */,
			);
			buildRules = (
			);
			dependencies = (
			);
			name = Landmarks;
			productName = Landmarks;
			productReference = 14C01C2E244649BB008D076C /* Landmarks.app */;
			productType = "com.apple.product-type.application";
		};
		14C01C43244649BE008D076C /* LandmarksTests */ = {
			isa = PBXNativeTarget;
			buildConfigurationList = 14C01C5B244649BE008D076C /* Build configuration list for PBXNativeTarget "LandmarksTests" */;
			buildPhases = (
				14C01C40244649BE008D076C /* Sources */,
				14C01C41244649BE008D076C /* Frameworks */,
				14C01C42244649BE008D076C /* Resources */,
			);
			buildRules = (
			);
			dependencies = (
				14C01C46244649BE008D076C /* PBXTargetDependency */,
			);
			name = LandmarksTests;
			productName = LandmarksTests;
			productReference = 14C01C44244649BE008D076C /* LandmarksTests.xctest */;
			productType = "com.apple.product-type.bundle.unit-test";
		};
		14C01C4E244649BE008D076C /* LandmarksUITests */ = {
			isa = PBXNativeTarget;
			buildConfigurationList = 14C01C5E244649BE008D076C /* Build configuration list for PBXNativeTarget "LandmarksUITests" */;
			buildPhases = (
				14C01C4B244649BE008D076C /* Sources */,
				14C01C4C244649BE008D076C /* Frameworks */,
				14C01C4D244649BE008D076C /* Resources */,
			);
			buildRules = (
			);
			dependencies = (
				14C01C51244649BE008D076C /* PBXTargetDependency */,
			);
			name = LandmarksUITests;
			productName = LandmarksUITests;
			productReference = 14C01C4F244649BE008D076C /* LandmarksUITests.xctest */;
			productType = "com.apple.product-type.bundle.ui-testing";
		};
/* End PBXNativeTarget section */

/* Begin PBXProject section */
		14C01C26244649BB008D076C /* Project object */ = {
			isa = PBXProject;
			attributes = {
				LastSwiftUpdateCheck = 1140;
				LastUpgradeCheck = 1140;
				ORGANIZATIONNAME = "Max Smith";
				TargetAttributes = {
					14C01C2D244649BB008D076C = {
						CreatedOnToolsVersion = 11.4;
					};
					14C01C43244649BE008D076C = {
						CreatedOnToolsVersion = 11.4;
						TestTargetID = 14C01C2D244649BB008D076C;
					};
					14C01C4E244649BE008D076C = {
						CreatedOnToolsVersion = 11.4;
						TestTargetID = 14C01C2D244649BB008D076C;
					};
				};
			};
			buildConfigurationList = 14C01C29244649BB008D076C /* Build configuration list for PBXProject "Landmarks" */;
			compatibilityVersion = "Xcode 9.3";
			developmentRegion = en;
			hasScannedForEncodings = 0;
			knownRegions = (
				en,
				Base,
			);
			mainGroup = 14C01C25244649BB008D076C;
			productRefGroup = 14C01C2F244649BB008D076C /* Products */;
			projectDirPath = "";
			projectRoot = "";
			targets = (
				14C01C2D244649BB008D076C /* Landmarks */,
				14C01C43244649BE008D076C /* LandmarksTests */,
				14C01C4E244649BE008D076C /* LandmarksUITests */,
			);
		};
/* End PBXProject section */

/* Begin PBXResourcesBuildPhase section */
		14C01C2C244649BB008D076C /* Resources */ = {
			isa = PBXResourcesBuildPhase;
			buildActionMask = 2147483647;
			files = (
				14C01C3E244649BE008D076C /* LaunchScreen.storyboard in Resources */,
				14C01C3B244649BE008D076C /* Preview Assets.xcassets in Resources */,
				14C01C38244649BE008D076C /* Assets.xcassets in Resources */,
			);
			runOnlyForDeploymentPostprocessing = 0;
		};
		14C01C42244649BE008D076C /* Resources */ = {
			isa = PBXResourcesBuildPhase;
			buildActionMask = 2147483647;
			files = (
			);
			runOnlyForDeploymentPostprocessing = 0;
		};
		14C01C4D244649BE008D076C /* Resources */ = {
			isa = PBXResourcesBuildPhase;
			buildActionMask = 2147483647;
			files = (
			);
			runOnlyForDeploymentPostprocessing = 0;
		};
/* End PBXResourcesBuildPhase section */

/* Begin PBXSourcesBuildPhase section */
		14C01C2A244649BB008D076C /* Sources */ = {
			isa = PBXSourcesBuildPhase;
			buildActionMask = 2147483647;
			files = (
				14C01C32244649BB008D076C /* AppDelegate.swift in Sources */,
				14C01C6224464F11008D076C /* CircleImage.swift in Sources */,
				14C01C6424465101008D076C /* MapView.swift in Sources */,
				14C01C34244649BB008D076C /* SceneDelegate.swift in Sources */,
				14C01C36244649BB008D076C /* ContentView.swift in Sources */,
			);
			runOnlyForDeploymentPostprocessing = 0;
		};
		14C01C40244649BE008D076C /* Sources */ = {
			isa = PBXSourcesBuildPhase;
			buildActionMask = 2147483647;
			files = (
				14C01C49244649BE008D076C /* LandmarksTests.swift in Sources */,
			);
			runOnlyForDeploymentPostprocessing = 0;
		};
		14C01C4B244649BE008D076C /* Sources */ = {
			isa = PBXSourcesBuildPhase;
			buildActionMask = 2147483647;
			files = (
				14C01C54244649BE008D076C /* LandmarksUITests.swift in Sources */,
			);
			runOnlyForDeploymentPostprocessing = 0;
		};
/* End PBXSourcesBuildPhase section */

/* Begin PBXTargetDependency section */
		14C01C46244649BE008D076C /* PBXTargetDependency */ = {
			isa = PBXTargetDependency;
			target = 14C01C2D244649BB008D076C /* Landmarks */;
			targetProxy = 14C01C45244649BE008D076C /* PBXContainerItemProxy */;
		};
		14C01C51244649BE008D076C /* PBXTargetDependency */ = {
			isa = PBXTargetDependency;
			target = 14C01C2D244649BB008D076C /* Landmarks */;
			targetProxy = 14C01C50244649BE008D076C /* PBXContainerItemProxy */;
		};
/* End PBXTargetDependency section */

/* Begin PBXVariantGroup section */
		14C01C3C244649BE008D076C /* LaunchScreen.storyboard */ = {
			isa = PBXVariantGroup;
			children = (
				14C01C3D244649BE008D076C /* Base */,
			);
			name = LaunchScreen.storyboard;
			sourceTree = "<group>";
		};
/* End PBXVariantGroup section */

/* Begin XCBuildConfiguration section */
		14C01C56244649BE008D076C /* Debug */ = {
			isa = XCBuildConfiguration;
			buildSettings = {
				ALWAYS_SEARCH_USER_PATHS = NO;
				CLANG_ANALYZER_NONNULL = YES;
				CLANG_ANALYZER_NUMBER_OBJECT_CONVERSION = YES_AGGRESSIVE;
				CLANG_CXX_LANGUAGE_STANDARD = "gnu++14";
				CLANG_CXX_LIBRARY = "libc++";
				CLANG_ENABLE_MODULES = YES;
				CLANG_ENABLE_OBJC_ARC = YES;
				CLANG_ENABLE_OBJC_WEAK = YES;
				CLANG_WARN_BLOCK_CAPTURE_AUTORELEASING = YES;
				CLANG_WARN_BOOL_CONVERSION = YES;
				CLANG_WARN_COMMA = YES;
				CLANG_WARN_CONSTANT_CONVERSION = YES;
				CLANG_WARN_DEPRECATED_OBJC_IMPLEMENTATIONS = YES;
				CLANG_WARN_DIRECT_OBJC_ISA_USAGE = YES_ERROR;
				CLANG_WARN_DOCUMENTATION_COMMENTS = YES;
				CLANG_WARN_EMPTY_BODY = YES;
				CLANG_WARN_ENUM_CONVERSION = YES;
				CLANG_WARN_INFINITE_RECURSION = YES;
				CLANG_WARN_INT_CONVERSION = YES;
				CLANG_WARN_NON_LITERAL_NULL_CONVERSION = YES;
				CLANG_WARN_OBJC_IMPLICIT_RETAIN_SELF = YES;
				CLANG_WARN_OBJC_LITERAL_CONVERSION = YES;
				CLANG_WARN_OBJC_ROOT_CLASS = YES_ERROR;
				CLANG_WARN_RANGE_LOOP_ANALYSIS = YES;
				CLANG_WARN_STRICT_PROTOTYPES = YES;
				CLANG_WARN_SUSPICIOUS_MOVE = YES;
				CLANG_WARN_UNGUARDED_AVAILABILITY = YES_AGGRESSIVE;
				CLANG_WARN_UNREACHABLE_CODE = YES;
				CLANG_WARN__DUPLICATE_METHOD_MATCH = YES;
				COPY_PHASE_STRIP = NO;
				DEBUG_INFORMATION_FORMAT = dwarf;
				ENABLE_STRICT_OBJC_MSGSEND = YES;
				ENABLE_TESTABILITY = YES;
				GCC_C_LANGUAGE_STANDARD = gnu11;
				GCC_DYNAMIC_NO_PIC = NO;
				GCC_NO_COMMON_BLOCKS = YES;
				GCC_OPTIMIZATION_LEVEL = 0;
				GCC_PREPROCESSOR_DEFINITIONS = (
					"DEBUG=1",
					"$(inherited)",
				);
				GCC_WARN_64_TO_32_BIT_CONVERSION = YES;
				GCC_WARN_ABOUT_RETURN_TYPE = YES_ERROR;
				GCC_WARN_UNDECLARED_SELECTOR = YES;
				GCC_WARN_UNINITIALIZED_AUTOS = YES_AGGRESSIVE;
				GCC_WARN_UNUSED_FUNCTION = YES;
				GCC_WARN_UNUSED_VARIABLE = YES;
				IPHONEOS_DEPLOYMENT_TARGET = 13.4;
				MTL_ENABLE_DEBUG_INFO = INCLUDE_SOURCE;
				MTL_FAST_MATH = YES;
				ONLY_ACTIVE_ARCH = YES;
				SDKROOT = iphoneos;
				SWIFT_ACTIVE_COMPILATION_CONDITIONS = DEBUG;
				SWIFT_OPTIMIZATION_LEVEL = "-Onone";
			};
			name = Debug;
		};
		14C01C57244649BE008D076C /* Release */ = {
			isa = XCBuildConfiguration;
			buildSettings = {
				ALWAYS_SEARCH_USER_PATHS = NO;
				CLANG_ANALYZER_NONNULL = YES;
				CLANG_ANALYZER_NUMBER_OBJECT_CONVERSION = YES_AGGRESSIVE;
				CLANG_CXX_LANGUAGE_STANDARD = "gnu++14";
				CLANG_CXX_LIBRARY = "libc++";
				CLANG_ENABLE_MODULES = YES;
				CLANG_ENABLE_OBJC_ARC = YES;
				CLANG_ENABLE_OBJC_WEAK = YES;
				CLANG_WARN_BLOCK_CAPTURE_AUTORELEASING = YES;
				CLANG_WARN_BOOL_CONVERSION = YES;
				CLANG_WARN_COMMA = YES;
				CLANG_WARN_CONSTANT_CONVERSION = YES;
				CLANG_WARN_DEPRECATED_OBJC_IMPLEMENTATIONS = YES;
				CLANG_WARN_DIRECT_OBJC_ISA_USAGE = YES_ERROR;
				CLANG_WARN_DOCUMENTATION_COMMENTS = YES;
				CLANG_WARN_EMPTY_BODY = YES;
				CLANG_WARN_ENUM_CONVERSION = YES;
				CLANG_WARN_INFINITE_RECURSION = YES;
				CLANG_WARN_INT_CONVERSION = YES;
				CLANG_WARN_NON_LITERAL_NULL_CONVERSION = YES;
				CLANG_WARN_OBJC_IMPLICIT_RETAIN_SELF = YES;
				CLANG_WARN_OBJC_LITERAL_CONVERSION = YES;
				CLANG_WARN_OBJC_ROOT_CLASS = YES_ERROR;
				CLANG_WARN_RANGE_LOOP_ANALYSIS = YES;
				CLANG_WARN_STRICT_PROTOTYPES = YES;
				CLANG_WARN_SUSPICIOUS_MOVE = YES;
				CLANG_WARN_UNGUARDED_AVAILABILITY = YES_AGGRESSIVE;
				CLANG_WARN_UNREACHABLE_CODE = YES;
				CLANG_WARN__DUPLICATE_METHOD_MATCH = YES;
				COPY_PHASE_STRIP = NO;
				DEBUG_INFORMATION_FORMAT = "dwarf-with-dsym";
				ENABLE_NS_ASSERTIONS = NO;
				ENABLE_STRICT_OBJC_MSGSEND = YES;
				GCC_C_LANGUAGE_STANDARD = gnu11;
				GCC_NO_COMMON_BLOCKS = YES;
				GCC_WARN_64_TO_32_BIT_CONVERSION = YES;
				GCC_WARN_ABOUT_RETURN_TYPE = YES_ERROR;
				GCC_WARN_UNDECLARED_SELECTOR = YES;
				GCC_WARN_UNINITIALIZED_AUTOS = YES_AGGRESSIVE;
				GCC_WARN_UNUSED_FUNCTION = YES;
				GCC_WARN_UNUSED_VARIABLE = YES;
				IPHONEOS_DEPLOYMENT_TARGET = 13.4;
				MTL_ENABLE_DEBUG_INFO = NO;
				MTL_FAST_MATH = YES;
				SDKROOT = iphoneos;
				SWIFT_COMPILATION_MODE = wholemodule;
				SWIFT_OPTIMIZATION_LEVEL = "-O";
				VALIDATE_PRODUCT = YES;
			};
			name = Release;
		};
		14C01C59244649BE008D076C /* Debug */ = {
			isa = XCBuildConfiguration;
			buildSettings = {
				ASSETCATALOG_COMPILER_APPICON_NAME = AppIcon;
				CODE_SIGN_STYLE = Automatic;
				DEVELOPMENT_ASSET_PATHS = "\"Landmarks/Preview Content\"";
				ENABLE_PREVIEWS = YES;
				INFOPLIST_FILE = Landmarks/Info.plist;
				LD_RUNPATH_SEARCH_PATHS = (
					"$(inherited)",
					"@executable_path/Frameworks",
				);
				PRODUCT_BUNDLE_IDENTIFIER = MaxSmith.Landmarks;
				PRODUCT_NAME = "$(TARGET_NAME)";
				SWIFT_VERSION = 5.0;
				TARGETED_DEVICE_FAMILY = "1,2";
			};
			name = Debug;
		};
		14C01C5A244649BE008D076C /* Release */ = {
			isa = XCBuildConfiguration;
			buildSettings = {
				ASSETCATALOG_COMPILER_APPICON_NAME = AppIcon;
				CODE_SIGN_STYLE = Automatic;
				DEVELOPMENT_ASSET_PATHS = "\"Landmarks/Preview Content\"";
				ENABLE_PREVIEWS = YES;
				INFOPLIST_FILE = Landmarks/Info.plist;
				LD_RUNPATH_SEARCH_PATHS = (
					"$(inherited)",
					"@executable_path/Frameworks",
				);
				PRODUCT_BUNDLE_IDENTIFIER = MaxSmith.Landmarks;
				PRODUCT_NAME = "$(TARGET_NAME)";
				SWIFT_VERSION = 5.0;
				TARGETED_DEVICE_FAMILY = "1,2";
			};
			name = Release;
		};
		14C01C5C244649BE008D076C /* Debug */ = {
			isa = XCBuildConfiguration;
			buildSettings = {
				ALWAYS_EMBED_SWIFT_STANDARD_LIBRARIES = YES;
				BUNDLE_LOADER = "$(TEST_HOST)";
				CODE_SIGN_STYLE = Automatic;
				INFOPLIST_FILE = LandmarksTests/Info.plist;
				IPHONEOS_DEPLOYMENT_TARGET = 13.4;
				LD_RUNPATH_SEARCH_PATHS = (
					"$(inherited)",
					"@executable_path/Frameworks",
					"@loader_path/Frameworks",
				);
				PRODUCT_BUNDLE_IDENTIFIER = MaxSmith.LandmarksTests;
				PRODUCT_NAME = "$(TARGET_NAME)";
				SWIFT_VERSION = 5.0;
				TARGETED_DEVICE_FAMILY = "1,2";
				TEST_HOST = "$(BUILT_PRODUCTS_DIR)/Landmarks.app/Landmarks";
			};
			name = Debug;
		};
		14C01C5D244649BE008D076C /* Release */ = {
			isa = XCBuildConfiguration;
			buildSettings = {
				ALWAYS_EMBED_SWIFT_STANDARD_LIBRARIES = YES;
				BUNDLE_LOADER = "$(TEST_HOST)";
				CODE_SIGN_STYLE = Automatic;
				INFOPLIST_FILE = LandmarksTests/Info.plist;
				IPHONEOS_DEPLOYMENT_TARGET = 13.4;
				LD_RUNPATH_SEARCH_PATHS = (
					"$(inherited)",
					"@executable_path/Frameworks",
					"@loader_path/Frameworks",
				);
				PRODUCT_BUNDLE_IDENTIFIER = MaxSmith.LandmarksTests;
				PRODUCT_NAME = "$(TARGET_NAME)";
				SWIFT_VERSION = 5.0;
				TARGETED_DEVICE_FAMILY = "1,2";
				TEST_HOST = "$(BUILT_PRODUCTS_DIR)/Landmarks.app/Landmarks";
			};
			name = Release;
		};
		14C01C5F244649BE008D076C /* Debug */ = {
			isa = XCBuildConfiguration;
			buildSettings = {
				ALWAYS_EMBED_SWIFT_STANDARD_LIBRARIES = YES;
				CODE_SIGN_STYLE = Automatic;
				INFOPLIST_FILE = LandmarksUITests/Info.plist;
				LD_RUNPATH_SEARCH_PATHS = (
					"$(inherited)",
					"@executable_path/Frameworks",
					"@loader_path/Frameworks",
				);
				PRODUCT_BUNDLE_IDENTIFIER = MaxSmith.LandmarksUITests;
				PRODUCT_NAME = "$(TARGET_NAME)";
				SWIFT_VERSION = 5.0;
				TARGETED_DEVICE_FAMILY = "1,2";
				TEST_TARGET_NAME = Landmarks;
			};
			name = Debug;
		};
		14C01C60244649BE008D076C /* Release */ = {
			isa = XCBuildConfiguration;
			buildSettings = {
				ALWAYS_EMBED_SWIFT_STANDARD_LIBRARIES = YES;
				CODE_SIGN_STYLE = Automatic;
				INFOPLIST_FILE = LandmarksUITests/Info.plist;
				LD_RUNPATH_SEARCH_PATHS = (
					"$(inherited)",
					"@executable_path/Frameworks",
					"@loader_path/Frameworks",
				);
				PRODUCT_BUNDLE_IDENTIFIER = MaxSmith.LandmarksUITests;
				PRODUCT_NAME = "$(TARGET_NAME)";
				SWIFT_VERSION = 5.0;
				TARGETED_DEVICE_FAMILY = "1,2";
				TEST_TARGET_NAME = Landmarks;
			};
			name = Release;
		};
/* End XCBuildConfiguration section */

/* Begin XCConfigurationList section */
		14C01C29244649BB008D076C /* Build configuration list for PBXProject "Landmarks" */ = {
			isa = XCConfigurationList;
			buildConfigurations = (
				14C01C56244649BE008D076C /* Debug */,
				14C01C57244649BE008D076C /* Release */,
			);
			defaultConfigurationIsVisible = 0;
			defaultConfigurationName = Release;
		};
		14C01C58244649BE008D076C /* Build configuration list for PBXNativeTarget "Landmarks" */ = {
			isa = XCConfigurationList;
			buildConfigurations = (
				14C01C59244649BE008D076C /* Debug */,
				14C01C5A244649BE008D076C /* Release */,
			);
			defaultConfigurationIsVisible = 0;
			defaultConfigurationName = Release;
		};
		14C01C5B244649BE008D076C /* Build configuration list for PBXNativeTarget "LandmarksTests" */ = {
			isa = XCConfigurationList;
			buildConfigurations = (
				14C01C5C244649BE008D076C /* Debug */,
				14C01C5D244649BE008D076C /* Release */,
			);
			defaultConfigurationIsVisible = 0;
			defaultConfigurationName = Release;
		};
		14C01C5E244649BE008D076C /* Build configuration list for PBXNativeTarget "LandmarksUITests" */ = {
			isa = XCConfigurationList;
			buildConfigurations = (
				14C01C5F244649BE008D076C /* Debug */,
				14C01C60244649BE008D076C /* Release */,
			);
			defaultConfigurationIsVisible = 0;
			defaultConfigurationName = Release;
		};
/* End XCConfigurationList section */
	};
	rootObject = 14C01C26244649BB008D076C /* Project object */;
}
